
Microsoft Visual Studio Solution File, Format Version 12.00
# Visual Studio 2012
Project("{FAE04EC0-301F-11D3-BF4B-00C04F79EFBC}") = "CompanyManageSystem", "CompanyManageSystem\CompanyManageSystem.csproj", "{3EB19377-EFB2-44B9-9880-FCF88D17FFEE}"
EndProject
Global
	GlobalSection(SolutionConfigurationPlatforms) = preSolution
		Debug|Any CPU = Debug|Any CPU
		Release|Any CPU = Release|Any CPU
	EndGlobalSection
	GlobalSection(ProjectConfigurationPlatforms) = postSolution
		{3EB19377-EFB2-44B9-9880-FCF88D17FFEE}.Debug|Any CPU.ActiveCfg = Debug|Any CPU
		{3EB19377-EFB2-44B9-9880-FCF88D17FFEE}.Debug|Any CPU.Build.0 = Debug|Any CPU
		{3EB19377-EFB2-44B9-9880-FCF88D17FFEE}.Release|Any CPU.ActiveCfg = Release|Any CPU
		{3EB19377-EFB2-44B9-9880-FCF88D17FFEE}.Release|Any CPU.Build.0 = Release|Any CPU
	EndGlobalSection
	GlobalSection(SolutionProperties) = preSolution
		HideSolutionNode = FALSE
	EndGlobalSection
	GlobalSection(ExtensibilityGlobals) = postSolution
		SolutionGuid = {9F0D843F-50DF-4CE2-B9A1-17AD64225E28}
	EndGlobalSection
EndGlobal
